
Microsoft Visual Studio Solution File, Format Version 12.00
# Visual Studio 14
VisualStudioVersion = 14.0.25420.1
MinimumVisualStudioVersion = 10.0.40219.1
Project("{FAE04EC0-301F-11D3-BF4B-00C04F79EFBC}") = "Projekt.NETApp", "Projekt.NETApp\Projekt.NETApp.csproj", "{ACC63CC0-7972-46E9-A85D-DBFE92CB3B54}"
EndProject
Project("{FAE04EC0-301F-11D3-BF4B-00C04F79EFBC}") = "Projekt.NETWeb", "Projekt.NETWeb\Projekt.NETWeb.csproj", "{5586DB42-CF9E-4F2B-AADC-8B3CDE3A3535}"
EndProject
Project("{FAE04EC0-301F-11D3-BF4B-00C04F79EFBC}") = "Projekt.NETWeb.Tests", "Projekt.NETWeb.Tests\Projekt.NETWeb.Tests.csproj", "{D79C8CD0-6A4D-4493-BCD1-94C32F2522D6}"
EndProject
Global
	GlobalSection(SolutionConfigurationPlatforms) = preSolution
		Debug|Any CPU = Debug|Any CPU
		Release|Any CPU = Release|Any CPU
	EndGlobalSection
	GlobalSection(ProjectConfigurationPlatforms) = postSolution
		{ACC63CC0-7972-46E9-A85D-DBFE92CB3B54}.Debug|Any CPU.ActiveCfg = Debug|Any CPU
		{ACC63CC0-7972-46E9-A85D-DBFE92CB3B54}.Debug|Any CPU.Build.0 = Debug|Any CPU
		{ACC63CC0-7972-46E9-A85D-DBFE92CB3B54}.Debug|Any CPU.Deploy.0 = Debug|Any CPU
		{ACC63CC0-7972-46E9-A85D-DBFE92CB3B54}.Release|Any CPU.ActiveCfg = Release|Any CPU
		{ACC63CC0-7972-46E9-A85D-DBFE92CB3B54}.Release|Any CPU.Build.0 = Release|Any CPU
		{ACC63CC0-7972-46E9-A85D-DBFE92CB3B54}.Release|Any CPU.Deploy.0 = Release|Any CPU
		{5586DB42-CF9E-4F2B-AADC-8B3CDE3A3535}.Debug|Any CPU.ActiveCfg = Debug|Any CPU
		{5586DB42-CF9E-4F2B-AADC-8B3CDE3A3535}.Debug|Any CPU.Build.0 = Debug|Any CPU
		{5586DB42-CF9E-4F2B-AADC-8B3CDE3A3535}.Release|Any CPU.ActiveCfg = Release|Any CPU
		{5586DB42-CF9E-4F2B-AADC-8B3CDE3A3535}.Release|Any CPU.Build.0 = Release|Any CPU
		{D79C8CD0-6A4D-4493-BCD1-94C32F2522D6}.Debug|Any CPU.ActiveCfg = Debug|Any CPU
		{D79C8CD0-6A4D-4493-BCD1-94C32F2522D6}.Debug|Any CPU.Build.0 = Debug|Any CPU
		{D79C8CD0-6A4D-4493-BCD1-94C32F2522D6}.Release|Any CPU.ActiveCfg = Release|Any CPU
		{D79C8CD0-6A4D-4493-BCD1-94C32F2522D6}.Release|Any CPU.Build.0 = Release|Any CPU
	EndGlobalSection
	GlobalSection(SolutionProperties) = preSolution
		HideSolutionNode = FALSE
	EndGlobalSection
EndGlobal
